
Microsoft Visual Studio Solution File, Format Version 12.00
# Visual Studio Version 16
VisualStudioVersion = 16.0.30517.126
MinimumVisualStudioVersion = 10.0.40219.1
Project("{FAE04EC0-301F-11D3-BF4B-00C04F79EFBC}") = "3DSTitleIdEditor", "3DSTitleIdEditor.csproj", "{EF4D8200-FC84-4E9D-84B8-6C0808F3AFE8}"
EndProject
Global
	GlobalSection(SolutionConfigurationPlatforms) = preSolution
		Debug|Any CPU = Debug|Any CPU
		Release|Any CPU = Release|Any CPU
	EndGlobalSection
	GlobalSection(ProjectConfigurationPlatforms) = postSolution
		{EF4D8200-FC84-4E9D-84B8-6C0808F3AFE8}.Debug|Any CPU.ActiveCfg = Debug|Any CPU
		{EF4D8200-FC84-4E9D-84B8-6C0808F3AFE8}.Debug|Any CPU.Build.0 = Debug|Any CPU
		{EF4D8200-FC84-4E9D-84B8-6C0808F3AFE8}.Release|Any CPU.ActiveCfg = Release|Any CPU
		{EF4D8200-FC84-4E9D-84B8-6C0808F3AFE8}.Release|Any CPU.Build.0 = Release|Any CPU
	EndGlobalSection
	GlobalSection(SolutionProperties) = preSolution
		HideSolutionNode = FALSE
	EndGlobalSection
	GlobalSection(ExtensibilityGlobals) = postSolution
		SolutionGuid = {890E28E0-5080-4DF7-AB2C-A24BD65B801D}
	EndGlobalSection
EndGlobal
